{
  "name": "Risikoscores",
  "requires": true,
  "lockfileVersion": 1,
  "dependencies": {
    "is-absolute": {
      "version": "0.2.6",
      "resolved": "https://registry.npmjs.org/is-absolute/-/is-absolute-0.2.6.tgz",
      "integrity": "sha1-IN5p89uULvLYe5wto28XIjWxtes=",
      "requires": {
        "is-relative": "0.2.1",
        "is-windows": "0.2.0"
      }
    },
    "is-relative": {
      "version": "0.2.1",
      "resolved": "https://registry.npmjs.org/is-relative/-/is-relative-0.2.1.tgz",
      "integrity": "sha1-0n9MfVFtF1+2ENuEu+7yPDvJeqU=",
      "requires": {
        "is-unc-path": "0.1.2"
      }
    },
    "is-unc-path": {
      "version": "0.1.2",
      "resolved": "https://registry.npmjs.org/is-unc-path/-/is-unc-path-0.1.2.tgz",
      "integrity": "sha1-arBTpyVzwQJQ/0FqOBTDUXivObk=",
      "requires": {
        "unc-path-regex": "0.1.2"
      }
    },
    "is-windows": {
      "version": "0.2.0",
      "resolved": "https://registry.npmjs.org/is-windows/-/is-windows-0.2.0.tgz",
      "integrity": "sha1-3hqm1j6indJIc3tp8f+LgALSEIw="
    },
    "map-cache": {
      "version": "0.2.2",
      "resolved": "https://registry.npmjs.org/map-cache/-/map-cache-0.2.2.tgz",
      "integrity": "sha1-wyq9C9ZSXZsFFkW7TyasXcmKDb8="
    },
    "parse-filepath": {
      "version": "1.0.1",
      "resolved": "https://registry.npmjs.org/parse-filepath/-/parse-filepath-1.0.1.tgz",
      "integrity": "sha1-FZ1hVdQ5BNFsEO9piRHaHpGWm3M=",
      "requires": {
        "is-absolute": "0.2.6",
        "map-cache": "0.2.2",
        "path-root": "0.1.1"
      }
    },
    "path-root": {
      "version": "0.1.1",
      "resolved": "https://registry.npmjs.org/path-root/-/path-root-0.1.1.tgz",
      "integrity": "sha1-mkpoFMrBwM1zNgqV8yCDyOpHRbc=",
      "requires": {
        "path-root-regex": "0.1.2"
      }
    },
    "path-root-regex": {
      "version": "0.1.2",
      "resolved": "https://registry.npmjs.org/path-root-regex/-/path-root-regex-0.1.2.tgz",
      "integrity": "sha1-v8zcjfWxLcUsi0PsONGNcsBLqW0="
    },
    "unc-path-regex": {
      "version": "0.1.2",
      "resolved": "https://registry.npmjs.org/unc-path-regex/-/unc-path-regex-0.1.2.tgz",
      "integrity": "sha1-5z3T17DXxe2G+6xrCufYxqadUPo="
    }
  }
}
